[[package]]
category = "main"
description = "Enables the use of Python 3 to write code generator scripts for Code Augmentor"
name = "code-augmentor-support"
optional = false
python-versions = ">=3.5,<4.0"
version = "1.0.1"

[metadata]
content-hash = "a44576283356b59f2916e76a3e2bd0d5bd2596826ea96edcf339cd4d512d3c43"
python-versions = "^3.5"

[metadata.files]
code-augmentor-support = [
    {file = "code-augmentor-support-1.0.1.tar.gz", hash = "sha256:48e7a8fc29802ba652390e712af0d1843e27a25066292fd6f58561ee25162a7d"},
    {file = "code_augmentor_support-1.0.1-py3-none-any.whl", hash = "sha256:d5fb5b62c4b9f5e412c251dfa75fc1c12be5e70056ae4c3e01ffc70603a4affd"},
]
